
Microsoft Visual Studio Solution File, Format Version 12.00
# Visual Studio Version 17
VisualStudioVersion = 17.14.36414.22 d17.14
MinimumVisualStudioVersion = 10.0.40219.1
Project("{8BC9CEB8-8B4A-11D0-8D11-00A0C91BC942}") = "Sandbox", "Sandbox\Sandbox.vcxproj", "{CEBF323A-2070-4818-9D50-C888C7B2A569}"
EndProject
Project("{8BC9CEB8-8B4A-11D0-8D11-00A0C91BC942}") = "MDD2", "MDD2\MDD2.vcxproj", "{0DE9F01C-4479-4CF2-97AB-96168309971F}"
EndProject
Global
	GlobalSection(SolutionConfigurationPlatforms) = preSolution
		Debug|x64 = Debug|x64
		Release|x64 = Release|x64
	EndGlobalSection
	GlobalSection(ProjectConfigurationPlatforms) = postSolution
		{0DE9F01C-4479-4CF2-97AB-96168309971F}.Debug|x64.ActiveCfg = Debug|x64
		{0DE9F01C-4479-4CF2-97AB-96168309971F}.Debug|x64.Build.0 = Debug|x64
		{0DE9F01C-4479-4CF2-97AB-96168309971F}.Release|x64.ActiveCfg = Release|x64
		{0DE9F01C-4479-4CF2-97AB-96168309971F}.Release|x64.Build.0 = Release|x64
		{CEBF323A-2070-4818-9D50-C888C7B2A569}.Debug|x64.ActiveCfg = Debug|x64
		{CEBF323A-2070-4818-9D50-C888C7B2A569}.Debug|x64.Build.0 = Debug|x64
		{CEBF323A-2070-4818-9D50-C888C7B2A569}.Release|x64.ActiveCfg = Release|x64
		{CEBF323A-2070-4818-9D50-C888C7B2A569}.Release|x64.Build.0 = Release|x64
	EndGlobalSection
	GlobalSection(SolutionProperties) = preSolution
		HideSolutionNode = FALSE
	EndGlobalSection
	GlobalSection(ExtensibilityGlobals) = postSolution
		SolutionGuid = {60A65AA9-648A-4901-B6B2-92677F391961}
	EndGlobalSection
EndGlobal
