<?xml version="1.0" encoding="utf-8"?>
<Project ToolsVersion="4.0" xmlns="http://schemas.microsoft.com/developer/msbuild/2003">
  <ItemGroup>
    <Filter Include="MDD2">
      <UniqueIdentifier>{EC72887C-D8A9-890D-8196-6F106DAC050F}</UniqueIdentifier>
    </Filter>
  </ItemGroup>
  <ItemGroup>
    <ClInclude Include="src\MDD2.h" />
    <ClInclude Include="src\MDD2\Application.h">
      <Filter>MDD2</Filter>
    </ClInclude>
    <ClInclude Include="src\MDD2\EntryPoint.h">
      <Filter>MDD2</Filter>
    </ClInclude>
    <ClInclude Include="src\MDD2\Log.h">
      <Filter>MDD2</Filter>
    </ClInclude>
    <ClInclude Include="src\MDD2\core.h">
      <Filter>MDD2</Filter>
    </ClInclude>
  </ItemGroup>
  <ItemGroup>
    <ClCompile Include="src\MDD2\Application.cpp">
      <Filter>MDD2</Filter>
    </ClCompile>
    <ClCompile Include="src\MDD2\Log.cpp">
      <Filter>MDD2</Filter>
    </ClCompile>
  </ItemGroup>
</Project>